{
  "name": "workspace",
  "version": "1.0.0",
  "lockfileVersion": 3,
  "requires": true,
  "packages": {
    "": {
      "name": "workspace",
      "version": "1.0.0",
      "license": "ISC",
      "dependencies": {
        "xrp-tx": "^0.3.2"
      }
    },
    "node_modules/xrp-tx": {
      "version": "0.3.2",
      "resolved": "https://registry.npmjs.org/xrp-tx/-/xrp-tx-0.3.2.tgz",
      "integrity": "sha512-lyzxJ1aNW3YqT9jEIs25FCgUgiE9Wj8KVNqNGIVBDvc70Z+2pGgfCMH8oL4iuB18BlIvguTLrriyXwxSMNN9oA==",
      "license": "MIT",
      "engines": {
        "node": ">=20.0.0"
      }
    }
  }
}
